// !$*UTF8*$!
{
	archiveVersion = 1;
	classes = {
	};
	objectVersion = 46;
	objects = {

/* Begin PBXBuildFile section */
		C24DCEE11C0FD21F00A5E7FD /* YLPullDownView.m in Sources */ = {isa = PBXBuildFile; fileRef = C24DCEE01C0FD21F00A5E7FD /* YLPullDownView.m */; };
		C2B400251C09CCED00EE0DEE /* Assets.xcassets in Resources */ = {isa = PBXBuildFile; fileRef = C2B400241C09CCED00EE0DEE /* Assets.xcassets */; };
		C2B400331C09CCED00EE0DEE /* YLSinaBlogTests.m in Sources */ = {isa = PBXBuildFile; fileRef = C2B400321C09CCED00EE0DEE /* YLSinaBlogTests.m */; };
		C2B4003E1C09CCED00EE0DEE /* YLSinaBlogUITests.m in Sources */ = {isa = PBXBuildFile; fileRef = C2B4003D1C09CCED00EE0DEE /* YLSinaBlogUITests.m */; };
		C2B4006F1C0AD27900EE0DEE /* YLMind.c in Sources */ = {isa = PBXBuildFile; fileRef = C2B4006E1C0AD27900EE0DEE /* YLMind.c */; };
		C2B400A61C0AFDBB00EE0DEE /* UIView+YLExtension.m in Sources */ = {isa = PBXBuildFile; fileRef = C2B400791C0AFDBB00EE0DEE /* UIView+YLExtension.m */; };
		C2B400A71C0AFDBB00EE0DEE /* YLDiscoverTableViewController.m in Sources */ = {isa = PBXBuildFile; fileRef = C2B4007D1C0AFDBB00EE0DEE /* YLDiscoverTableViewController.m */; };
		C2B400A81C0AFDBB00EE0DEE /* YLHomeTableViewController.m in Sources */ = {isa = PBXBuildFile; fileRef = C2B400831C0AFDBB00EE0DEE /* YLHomeTableViewController.m */; };
		C2B400A91C0AFDBB00EE0DEE /* YLMainTabbarController.m in Sources */ = {isa = PBXBuildFile; fileRef = C2B400891C0AFDBB00EE0DEE /* YLMainTabbarController.m */; };
		C2B400AA1C0AFDBB00EE0DEE /* YLNavigationViewController.m in Sources */ = {isa = PBXBuildFile; fileRef = C2B4008B1C0AFDBB00EE0DEE /* YLNavigationViewController.m */; };
		C2B400AB1C0AFDBB00EE0DEE /* AppDelegate.m in Sources */ = {isa = PBXBuildFile; fileRef = C2B4008F1C0AFDBB00EE0DEE /* AppDelegate.m */; };
		C2B400AC1C0AFDBB00EE0DEE /* main.m in Sources */ = {isa = PBXBuildFile; fileRef = C2B400901C0AFDBB00EE0DEE /* main.m */; };
		C2B400AD1C0AFDBB00EE0DEE /* YLTest1ViewController.m in Sources */ = {isa = PBXBuildFile; fileRef = C2B400931C0AFDBB00EE0DEE /* YLTest1ViewController.m */; };
		C2B400AE1C0AFDBB00EE0DEE /* YLTest1ViewController.xib in Resources */ = {isa = PBXBuildFile; fileRef = C2B400941C0AFDBB00EE0DEE /* YLTest1ViewController.xib */; };
		C2B400AF1C0AFDBB00EE0DEE /* YLTest2ViewController.m in Sources */ = {isa = PBXBuildFile; fileRef = C2B400961C0AFDBB00EE0DEE /* YLTest2ViewController.m */; };
		C2B400B01C0AFDBB00EE0DEE /* YLTest2ViewController.xib in Resources */ = {isa = PBXBuildFile; fileRef = C2B400971C0AFDBB00EE0DEE /* YLTest2ViewController.xib */; };
		C2B400B11C0AFDBB00EE0DEE /* YLMessageTableViewController.m in Sources */ = {isa = PBXBuildFile; fileRef = C2B4009C1C0AFDBB00EE0DEE /* YLMessageTableViewController.m */; };
		C2B400B21C0AFDBB00EE0DEE /* YLProfileTableViewController.m in Sources */ = {isa = PBXBuildFile; fileRef = C2B400A31C0AFDBB00EE0DEE /* YLProfileTableViewController.m */; };
		C2CA69971C0C3D930099E6A2 /* YLSearchBar.m in Sources */ = {isa = PBXBuildFile; fileRef = C2CA69961C0C3D930099E6A2 /* YLSearchBar.m */; };
		C2EBFC611C0BDF5F002BF336 /* UIBarButtonItem+Extension.m in Sources */ = {isa = PBXBuildFile; fileRef = C2EBFC601C0BDF5F002BF336 /* UIBarButtonItem+Extension.m */; };
/* End PBXBuildFile section */

/* Begin PBXContainerItemProxy section */
		C2B4002F1C09CCED00EE0DEE /* PBXContainerItemProxy */ = {
			isa = PBXContainerItemProxy;
			containerPortal = C2B4000D1C09CCED00EE0DEE /* Project object */;
			proxyType = 1;
			remoteGlobalIDString = C2B400141C09CCED00EE0DEE;
			remoteInfo = YLSinaBlog;
		};
		C2B4003A1C09CCED00EE0DEE /* PBXContainerItemProxy */ = {
			isa = PBXContainerItemProxy;
			containerPortal = C2B4000D1C09CCED00EE0DEE /* Project object */;
			proxyType = 1;
			remoteGlobalIDString = C2B400141C09CCED00EE0DEE;
			remoteInfo = YLSinaBlog;
		};
/* End PBXContainerItemProxy section */

/* Begin PBXFileReference section */
		C24DCEDF1C0FD21F00A5E7FD /* YLPullDownView.h */ = {isa = PBXFileReference; fileEncoding = 4; lastKnownFileType = sourcecode.c.h; path = YLPullDownView.h; sourceTree = "<group>"; };
		C24DCEE01C0FD21F00A5E7FD /* YLPullDownView.m */ = {isa = PBXFileReference; fileEncoding = 4; lastKnownFileType = sourcecode.c.objc; path = YLPullDownView.m; sourceTree = "<group>"; };
		C2B400151C09CCED00EE0DEE /* YLSinaBlog.app */ = {isa = PBXFileReference; explicitFileType = wrapper.application; includeInIndex = 0; path = YLSinaBlog.app; sourceTree = BUILT_PRODUCTS_DIR; };
		C2B400241C09CCED00EE0DEE /* Assets.xcassets */ = {isa = PBXFileReference; lastKnownFileType = folder.assetcatalog; path = Assets.xcassets; sourceTree = "<group>"; };
		C2B400291C09CCED00EE0DEE /* Info.plist */ = {isa = PBXFileReference; lastKnownFileType = text.plist.xml; path = Info.plist; sourceTree = "<group>"; };
		C2B4002E1C09CCED00EE0DEE /* YLSinaBlogTests.xctest */ = {isa = PBXFileReference; explicitFileType = wrapper.cfbundle; includeInIndex = 0; path = YLSinaBlogTests.xctest; sourceTree = BUILT_PRODUCTS_DIR; };
		C2B400321C09CCED00EE0DEE /* YLSinaBlogTests.m */ = {isa = PBXFileReference; lastKnownFileType = sourcecode.c.objc; path = YLSinaBlogTests.m; sourceTree = "<group>"; };
		C2B400341C09CCED00EE0DEE /* Info.plist */ = {isa = PBXFileReference; lastKnownFileType = text.plist.xml; path = Info.plist; sourceTree = "<group>"; };
		C2B400391C09CCED00EE0DEE /* YLSinaBlogUITests.xctest */ = {isa = PBXFileReference; explicitFileType = wrapper.cfbundle; includeInIndex = 0; path = YLSinaBlogUITests.xctest; sourceTree = BUILT_PRODUCTS_DIR; };
		C2B4003D1C09CCED00EE0DEE /* YLSinaBlogUITests.m */ = {isa = PBXFileReference; lastKnownFileType = sourcecode.c.objc; path = YLSinaBlogUITests.m; sourceTree = "<group>"; };
		C2B4003F1C09CCED00EE0DEE /* Info.plist */ = {isa = PBXFileReference; lastKnownFileType = text.plist.xml; path = Info.plist; sourceTree = "<group>"; };
		C2B400601C0A9E6D00EE0DEE /* YLPrefixHeader.pch */ = {isa = PBXFileReference; lastKnownFileType = sourcecode.c.h; path = YLPrefixHeader.pch; sourceTree = "<group>"; };
		C2B4006E1C0AD27900EE0DEE /* YLMind.c */ = {isa = PBXFileReference; fileEncoding = 4; lastKnownFileType = sourcecode.c.c; path = YLMind.c; sourceTree = "<group>"; };
		C2B400781C0AFDBB00EE0DEE /* UIView+YLExtension.h */ = {isa = PBXFileReference; fileEncoding = 4; lastKnownFileType = sourcecode.c.h; path = "UIView+YLExtension.h"; sourceTree = "<group>"; };
		C2B400791C0AFDBB00EE0DEE /* UIView+YLExtension.m */ = {isa = PBXFileReference; fileEncoding = 4; lastKnownFileType = sourcecode.c.objc; path = "UIView+YLExtension.m"; sourceTree = "<group>"; };
		C2B4007C1C0AFDBB00EE0DEE /* YLDiscoverTableViewController.h */ = {isa = PBXFileReference; fileEncoding = 4; lastKnownFileType = sourcecode.c.h; path = YLDiscoverTableViewController.h; sourceTree = "<group>"; };
		C2B4007D1C0AFDBB00EE0DEE /* YLDiscoverTableViewController.m */ = {isa = PBXFileReference; fileEncoding = 4; lastKnownFileType = sourcecode.c.objc; path = YLDiscoverTableViewController.m; sourceTree = "<group>"; };
		C2B400821C0AFDBB00EE0DEE /* YLHomeTableViewController.h */ = {isa = PBXFileReference; fileEncoding = 4; lastKnownFileType = sourcecode.c.h; path = YLHomeTableViewController.h; sourceTree = "<group>"; };
		C2B400831C0AFDBB00EE0DEE /* YLHomeTableViewController.m */ = {isa = PBXFileReference; fileEncoding = 4; lastKnownFileType = sourcecode.c.objc; path = YLHomeTableViewController.m; sourceTree = "<group>"; };
		C2B400881C0AFDBB00EE0DEE /* YLMainTabbarController.h */ = {isa = PBXFileReference; fileEncoding = 4; lastKnownFileType = sourcecode.c.h; path = YLMainTabbarController.h; sourceTree = "<group>"; };
		C2B400891C0AFDBB00EE0DEE /* YLMainTabbarController.m */ = {isa = PBXFileReference; fileEncoding = 4; lastKnownFileType = sourcecode.c.objc; path = YLMainTabbarController.m; sourceTree = "<group>"; };
		C2B4008A1C0AFDBB00EE0DEE /* YLNavigationViewController.h */ = {isa = PBXFileReference; fileEncoding = 4; lastKnownFileType = sourcecode.c.h; path = YLNavigationViewController.h; sourceTree = "<group>"; };
		C2B4008B1C0AFDBB00EE0DEE /* YLNavigationViewController.m */ = {isa = PBXFileReference; fileEncoding = 4; lastKnownFileType = sourcecode.c.objc; path = YLNavigationViewController.m; sourceTree = "<group>"; };
		C2B4008E1C0AFDBB00EE0DEE /* AppDelegate.h */ = {isa = PBXFileReference; fileEncoding = 4; lastKnownFileType = sourcecode.c.h; path = AppDelegate.h; sourceTree = "<group>"; };
		C2B4008F1C0AFDBB00EE0DEE /* AppDelegate.m */ = {isa = PBXFileReference; fileEncoding = 4; lastKnownFileType = sourcecode.c.objc; path = AppDelegate.m; sourceTree = "<group>"; };
		C2B400901C0AFDBB00EE0DEE /* main.m */ = {isa = PBXFileReference; fileEncoding = 4; lastKnownFileType = sourcecode.c.objc; path = main.m; sourceTree = "<group>"; };
		C2B400921C0AFDBB00EE0DEE /* YLTest1ViewController.h */ = {isa = PBXFileReference; fileEncoding = 4; lastKnownFileType = sourcecode.c.h; path = YLTest1ViewController.h; sourceTree = "<group>"; };
		C2B400931C0AFDBB00EE0DEE /* YLTest1ViewController.m */ = {isa = PBXFileReference; fileEncoding = 4; lastKnownFileType = sourcecode.c.objc; path = YLTest1ViewController.m; sourceTree = "<group>"; };
		C2B400941C0AFDBB00EE0DEE /* YLTest1ViewController.xib */ = {isa = PBXFileReference; fileEncoding = 4; lastKnownFileType = file.xib; path = YLTest1ViewController.xib; sourceTree = "<group>"; };
		C2B400951C0AFDBB00EE0DEE /* YLTest2ViewController.h */ = {isa = PBXFileReference; fileEncoding = 4; lastKnownFileType = sourcecode.c.h; path = YLTest2ViewController.h; sourceTree = "<group>"; };
		C2B400961C0AFDBB00EE0DEE /* YLTest2ViewController.m */ = {isa = PBXFileReference; fileEncoding = 4; lastKnownFileType = sourcecode.c.objc; path = YLTest2ViewController.m; sourceTree = "<group>"; };
		C2B400971C0AFDBB00EE0DEE /* YLTest2ViewController.xib */ = {isa = PBXFileReference; fileEncoding = 4; lastKnownFileType = file.xib; path = YLTest2ViewController.xib; sourceTree = "<group>"; };
		C2B4009B1C0AFDBB00EE0DEE /* YLMessageTableViewController.h */ = {isa = PBXFileReference; fileEncoding = 4; lastKnownFileType = sourcecode.c.h; path = YLMessageTableViewController.h; sourceTree = "<group>"; };
		C2B4009C1C0AFDBB00EE0DEE /* YLMessageTableViewController.m */ = {isa = PBXFileReference; fileEncoding = 4; lastKnownFileType = sourcecode.c.objc; path = YLMessageTableViewController.m; sourceTree = "<group>"; };
		C2B400A21C0AFDBB00EE0DEE /* YLProfileTableViewController.h */ = {isa = PBXFileReference; fileEncoding = 4; lastKnownFileType = sourcecode.c.h; path = YLProfileTableViewController.h; sourceTree = "<group>"; };
		C2B400A31C0AFDBB00EE0DEE /* YLProfileTableViewController.m */ = {isa = PBXFileReference; fileEncoding = 4; lastKnownFileType = sourcecode.c.objc; path = YLProfileTableViewController.m; sourceTree = "<group>"; };
		C2CA69951C0C3D930099E6A2 /* YLSearchBar.h */ = {isa = PBXFileReference; fileEncoding = 4; lastKnownFileType = sourcecode.c.h; path = YLSearchBar.h; sourceTree = "<group>"; };
		C2CA69961C0C3D930099E6A2 /* YLSearchBar.m */ = {isa = PBXFileReference; fileEncoding = 4; lastKnownFileType = sourcecode.c.objc; path = YLSearchBar.m; sourceTree = "<group>"; };
		C2EBFC5F1C0BDF5F002BF336 /* UIBarButtonItem+Extension.h */ = {isa = PBXFileReference; fileEncoding = 4; lastKnownFileType = sourcecode.c.h; path = "UIBarButtonItem+Extension.h"; sourceTree = "<group>"; };
		C2EBFC601C0BDF5F002BF336 /* UIBarButtonItem+Extension.m */ = {isa = PBXFileReference; fileEncoding = 4; lastKnownFileType = sourcecode.c.objc; path = "UIBarButtonItem+Extension.m"; sourceTree = "<group>"; };
/* End PBXFileReference section */

/* Begin PBXFrameworksBuildPhase section */
		C2B400121C09CCED00EE0DEE /* Frameworks */ = {
			isa = PBXFrameworksBuildPhase;
			buildActionMask = 2147483647;
			files = (
			);
			runOnlyForDeploymentPostprocessing = 0;
		};
		C2B4002B1C09CCED00EE0DEE /* Frameworks */ = {
			isa = PBXFrameworksBuildPhase;
			buildActionMask = 2147483647;
			files = (
			);
			runOnlyForDeploymentPostprocessing = 0;
		};
		C2B400361C09CCED00EE0DEE /* Frameworks */ = {
			isa = PBXFrameworksBuildPhase;
			buildActionMask = 2147483647;
			files = (
			);
			runOnlyForDeploymentPostprocessing = 0;
		};
/* End PBXFrameworksBuildPhase section */

/* Begin PBXGroup section */
		C2B4000C1C09CCED00EE0DEE = {
			isa = PBXGroup;
			children = (
				C2B400171C09CCED00EE0DEE /* YLSinaBlog */,
				C2B400311C09CCED00EE0DEE /* YLSinaBlogTests */,
				C2B4003C1C09CCED00EE0DEE /* YLSinaBlogUITests */,
				C2B400161C09CCED00EE0DEE /* Products */,
			);
			sourceTree = "<group>";
		};
		C2B400161C09CCED00EE0DEE /* Products */ = {
			isa = PBXGroup;
			children = (
				C2B400151C09CCED00EE0DEE /* YLSinaBlog.app */,
				C2B4002E1C09CCED00EE0DEE /* YLSinaBlogTests.xctest */,
				C2B400391C09CCED00EE0DEE /* YLSinaBlogUITests.xctest */,
			);
			name = Products;
			sourceTree = "<group>";
		};
		C2B400171C09CCED00EE0DEE /* YLSinaBlog */ = {
			isa = PBXGroup;
			children = (
				C2B4006E1C0AD27900EE0DEE /* YLMind.c */,
				C2B400761C0AFDBB00EE0DEE /* classes */,
				C2B400181C09CCED00EE0DEE /* Supporting Files */,
			);
			path = YLSinaBlog;
			sourceTree = "<group>";
		};
		C2B400181C09CCED00EE0DEE /* Supporting Files */ = {
			isa = PBXGroup;
			children = (
				C2B400241C09CCED00EE0DEE /* Assets.xcassets */,
				C2B400291C09CCED00EE0DEE /* Info.plist */,
				C2B400601C0A9E6D00EE0DEE /* YLPrefixHeader.pch */,
			);
			name = "Supporting Files";
			sourceTree = "<group>";
		};
		C2B400311C09CCED00EE0DEE /* YLSinaBlogTests */ = {
			isa = PBXGroup;
			children = (
				C2B400321C09CCED00EE0DEE /* YLSinaBlogTests.m */,
				C2B400341C09CCED00EE0DEE /* Info.plist */,
			);
			path = YLSinaBlogTests;
			sourceTree = "<group>";
		};
		C2B4003C1C09CCED00EE0DEE /* YLSinaBlogUITests */ = {
			isa = PBXGroup;
			children = (
				C2B4003D1C09CCED00EE0DEE /* YLSinaBlogUITests.m */,
				C2B4003F1C09CCED00EE0DEE /* Info.plist */,
			);
			path = YLSinaBlogUITests;
			sourceTree = "<group>";
		};
		C2B400761C0AFDBB00EE0DEE /* classes */ = {
			isa = PBXGroup;
			children = (
				C2B400861C0AFDBB00EE0DEE /* Main */,
				C2B400801C0AFDBB00EE0DEE /* Home */,
				C2B400991C0AFDBB00EE0DEE /* Message */,
				C2B4007A1C0AFDBB00EE0DEE /* Discover */,
				C2B400A01C0AFDBB00EE0DEE /* Profile */,
				C2B4009F1C0AFDBB00EE0DEE /* Other(第三方框架) */,
				C2B400771C0AFDBB00EE0DEE /* Catogories（分类） */,
			);
			path = classes;
			sourceTree = "<group>";
		};
		C2B400771C0AFDBB00EE0DEE /* Catogories（分类） */ = {
			isa = PBXGroup;
			children = (
				C2B400781C0AFDBB00EE0DEE /* UIView+YLExtension.h */,
				C2B400791C0AFDBB00EE0DEE /* UIView+YLExtension.m */,
				C2EBFC5F1C0BDF5F002BF336 /* UIBarButtonItem+Extension.h */,
				C2EBFC601C0BDF5F002BF336 /* UIBarButtonItem+Extension.m */,
			);
			name = "Catogories（分类）";
			path = Catogories;
			sourceTree = "<group>";
		};
		C2B4007A1C0AFDBB00EE0DEE /* Discover */ = {
			isa = PBXGroup;
			children = (
				C2B4007B1C0AFDBB00EE0DEE /* Controller */,
				C2B4007E1C0AFDBB00EE0DEE /* Model */,
				C2B4007F1C0AFDBB00EE0DEE /* View */,
			);
			path = Discover;
			sourceTree = "<group>";
		};
		C2B4007B1C0AFDBB00EE0DEE /* Controller */ = {
			isa = PBXGroup;
			children = (
				C2B4007C1C0AFDBB00EE0DEE /* YLDiscoverTableViewController.h */,
				C2B4007D1C0AFDBB00EE0DEE /* YLDiscoverTableViewController.m */,
			);
			path = Controller;
			sourceTree = "<group>";
		};
		C2B4007E1C0AFDBB00EE0DEE /* Model */ = {
			isa = PBXGroup;
			children = (
			);
			path = Model;
			sourceTree = "<group>";
		};
		C2B4007F1C0AFDBB00EE0DEE /* View */ = {
			isa = PBXGroup;
			children = (
			);
			path = View;
			sourceTree = "<group>";
		};
		C2B400801C0AFDBB00EE0DEE /* Home */ = {
			isa = PBXGroup;
			children = (
				C2B400811C0AFDBB00EE0DEE /* Controller */,
				C2B400841C0AFDBB00EE0DEE /* Model */,
				C2B400851C0AFDBB00EE0DEE /* View */,
			);
			path = Home;
			sourceTree = "<group>";
		};
		C2B400811C0AFDBB00EE0DEE /* Controller */ = {
			isa = PBXGroup;
			children = (
				C2B400821C0AFDBB00EE0DEE /* YLHomeTableViewController.h */,
				C2B400831C0AFDBB00EE0DEE /* YLHomeTableViewController.m */,
			);
			path = Controller;
			sourceTree = "<group>";
		};
		C2B400841C0AFDBB00EE0DEE /* Model */ = {
			isa = PBXGroup;
			children = (
			);
			path = Model;
			sourceTree = "<group>";
		};
		C2B400851C0AFDBB00EE0DEE /* View */ = {
			isa = PBXGroup;
			children = (
				C24DCEDF1C0FD21F00A5E7FD /* YLPullDownView.h */,
				C24DCEE01C0FD21F00A5E7FD /* YLPullDownView.m */,
			);
			path = View;
			sourceTree = "<group>";
		};
		C2B400861C0AFDBB00EE0DEE /* Main */ = {
			isa = PBXGroup;
			children = (
				C2B400871C0AFDBB00EE0DEE /* Controller */,
				C2B4008C1C0AFDBB00EE0DEE /* Model */,
				C2B4008D1C0AFDBB00EE0DEE /* Other */,
				C2B400911C0AFDBB00EE0DEE /* temp */,
				C2B400981C0AFDBB00EE0DEE /* View */,
			);
			path = Main;
			sourceTree = "<group>";
		};
		C2B400871C0AFDBB00EE0DEE /* Controller */ = {
			isa = PBXGroup;
			children = (
				C2B400881C0AFDBB00EE0DEE /* YLMainTabbarController.h */,
				C2B400891C0AFDBB00EE0DEE /* YLMainTabbarController.m */,
				C2B4008A1C0AFDBB00EE0DEE /* YLNavigationViewController.h */,
				C2B4008B1C0AFDBB00EE0DEE /* YLNavigationViewController.m */,
			);
			path = Controller;
			sourceTree = "<group>";
		};
		C2B4008C1C0AFDBB00EE0DEE /* Model */ = {
			isa = PBXGroup;
			children = (
			);
			path = Model;
			sourceTree = "<group>";
		};
		C2B4008D1C0AFDBB00EE0DEE /* Other */ = {
			isa = PBXGroup;
			children = (
				C2B4008E1C0AFDBB00EE0DEE /* AppDelegate.h */,
				C2B4008F1C0AFDBB00EE0DEE /* AppDelegate.m */,
				C2B400901C0AFDBB00EE0DEE /* main.m */,
			);
			path = Other;
			sourceTree = "<group>";
		};
		C2B400911C0AFDBB00EE0DEE /* temp */ = {
			isa = PBXGroup;
			children = (
				C2B400921C0AFDBB00EE0DEE /* YLTest1ViewController.h */,
				C2B400931C0AFDBB00EE0DEE /* YLTest1ViewController.m */,
				C2B400941C0AFDBB00EE0DEE /* YLTest1ViewController.xib */,
				C2B400951C0AFDBB00EE0DEE /* YLTest2ViewController.h */,
				C2B400961C0AFDBB00EE0DEE /* YLTest2ViewController.m */,
				C2B400971C0AFDBB00EE0DEE /* YLTest2ViewController.xib */,
			);
			path = temp;
			sourceTree = "<group>";
		};
		C2B400981C0AFDBB00EE0DEE /* View */ = {
			isa = PBXGroup;
			children = (
				C2CA69951C0C3D930099E6A2 /* YLSearchBar.h */,
				C2CA69961C0C3D930099E6A2 /* YLSearchBar.m */,
			);
			path = View;
			sourceTree = "<group>";
		};
		C2B400991C0AFDBB00EE0DEE /* Message */ = {
			isa = PBXGroup;
			children = (
				C2B4009A1C0AFDBB00EE0DEE /* Controller */,
				C2B4009D1C0AFDBB00EE0DEE /* Model */,
				C2B4009E1C0AFDBB00EE0DEE /* View */,
			);
			path = Message;
			sourceTree = "<group>";
		};
		C2B4009A1C0AFDBB00EE0DEE /* Controller */ = {
			isa = PBXGroup;
			children = (
				C2B4009B1C0AFDBB00EE0DEE /* YLMessageTableViewController.h */,
				C2B4009C1C0AFDBB00EE0DEE /* YLMessageTableViewController.m */,
			);
			path = Controller;
			sourceTree = "<group>";
		};
		C2B4009D1C0AFDBB00EE0DEE /* Model */ = {
			isa = PBXGroup;
			children = (
			);
			path = Model;
			sourceTree = "<group>";
		};
		C2B4009E1C0AFDBB00EE0DEE /* View */ = {
			isa = PBXGroup;
			children = (
			);
			path = View;
			sourceTree = "<group>";
		};
		C2B4009F1C0AFDBB00EE0DEE /* Other(第三方框架) */ = {
			isa = PBXGroup;
			children = (
			);
			name = "Other(第三方框架)";
			path = Other;
			sourceTree = "<group>";
		};
		C2B400A01C0AFDBB00EE0DEE /* Profile */ = {
			isa = PBXGroup;
			children = (
				C2B400A11C0AFDBB00EE0DEE /* Controller */,
				C2B400A41C0AFDBB00EE0DEE /* Model */,
				C2B400A51C0AFDBB00EE0DEE /* View */,
			);
			path = Profile;
			sourceTree = "<group>";
		};
		C2B400A11C0AFDBB00EE0DEE /* Controller */ = {
			isa = PBXGroup;
			children = (
				C2B400A21C0AFDBB00EE0DEE /* YLProfileTableViewController.h */,
				C2B400A31C0AFDBB00EE0DEE /* YLProfileTableViewController.m */,
			);
			path = Controller;
			sourceTree = "<group>";
		};
		C2B400A41C0AFDBB00EE0DEE /* Model */ = {
			isa = PBXGroup;
			children = (
			);
			path = Model;
			sourceTree = "<group>";
		};
		C2B400A51C0AFDBB00EE0DEE /* View */ = {
			isa = PBXGroup;
			children = (
			);
			path = View;
			sourceTree = "<group>";
		};
/* End PBXGroup section */

/* Begin PBXNativeTarget section */
		C2B400141C09CCED00EE0DEE /* YLSinaBlog */ = {
			isa = PBXNativeTarget;
			buildConfigurationList = C2B400421C09CCED00EE0DEE /* Build configuration list for PBXNativeTarget "YLSinaBlog" */;
			buildPhases = (
				C2B400111C09CCED00EE0DEE /* Sources */,
				C2B400121C09CCED00EE0DEE /* Frameworks */,
				C2B400131C09CCED00EE0DEE /* Resources */,
			);
			buildRules = (
			);
			dependencies = (
			);
			name = YLSinaBlog;
			productName = YLSinaBlog;
			productReference = C2B400151C09CCED00EE0DEE /* YLSinaBlog.app */;
			productType = "com.apple.product-type.application";
		};
		C2B4002D1C09CCED00EE0DEE /* YLSinaBlogTests */ = {
			isa = PBXNativeTarget;
			buildConfigurationList = C2B400451C09CCED00EE0DEE /* Build configuration list for PBXNativeTarget "YLSinaBlogTests" */;
			buildPhases = (
				C2B4002A1C09CCED00EE0DEE /* Sources */,
				C2B4002B1C09CCED00EE0DEE /* Frameworks */,
				C2B4002C1C09CCED00EE0DEE /* Resources */,
			);
			buildRules = (
			);
			dependencies = (
				C2B400301C09CCED00EE0DEE /* PBXTargetDependency */,
			);
			name = YLSinaBlogTests;
			productName = YLSinaBlogTests;
			productReference = C2B4002E1C09CCED00EE0DEE /* YLSinaBlogTests.xctest */;
			productType = "com.apple.product-type.bundle.unit-test";
		};
		C2B400381C09CCED00EE0DEE /* YLSinaBlogUITests */ = {
			isa = PBXNativeTarget;
			buildConfigurationList = C2B400481C09CCED00EE0DEE /* Build configuration list for PBXNativeTarget "YLSinaBlogUITests" */;
			buildPhases = (
				C2B400351C09CCED00EE0DEE /* Sources */,
				C2B400361C09CCED00EE0DEE /* Frameworks */,
				C2B400371C09CCED00EE0DEE /* Resources */,
			);
			buildRules = (
			);
			dependencies = (
				C2B4003B1C09CCED00EE0DEE /* PBXTargetDependency */,
			);
			name = YLSinaBlogUITests;
			productName = YLSinaBlogUITests;
			productReference = C2B400391C09CCED00EE0DEE /* YLSinaBlogUITests.xctest */;
			productType = "com.apple.product-type.bundle.ui-testing";
		};
/* End PBXNativeTarget section */

/* Begin PBXProject section */
		C2B4000D1C09CCED00EE0DEE /* Project object */ = {
			isa = PBXProject;
			attributes = {
				CLASSPREFIX = YL;
				LastUpgradeCheck = 0710;
				ORGANIZATIONNAME = LongMa;
				TargetAttributes = {
					C2B400141C09CCED00EE0DEE = {
						CreatedOnToolsVersion = 7.1;
						DevelopmentTeam = C5MCKBCJ7H;
					};
					C2B4002D1C09CCED00EE0DEE = {
						CreatedOnToolsVersion = 7.1;
						DevelopmentTeam = C5MCKBCJ7H;
						TestTargetID = C2B400141C09CCED00EE0DEE;
					};
					C2B400381C09CCED00EE0DEE = {
						CreatedOnToolsVersion = 7.1;
						DevelopmentTeam = C5MCKBCJ7H;
						TestTargetID = C2B400141C09CCED00EE0DEE;
					};
				};
			};
			buildConfigurationList = C2B400101C09CCED00EE0DEE /* Build configuration list for PBXProject "YLSinaBlog" */;
			compatibilityVersion = "Xcode 3.2";
			developmentRegion = English;
			hasScannedForEncodings = 0;
			knownRegions = (
				en,
				Base,
			);
			mainGroup = C2B4000C1C09CCED00EE0DEE;
			productRefGroup = C2B400161C09CCED00EE0DEE /* Products */;
			projectDirPath = "";
			projectRoot = "";
			targets = (
				C2B400141C09CCED00EE0DEE /* YLSinaBlog */,
				C2B4002D1C09CCED00EE0DEE /* YLSinaBlogTests */,
				C2B400381C09CCED00EE0DEE /* YLSinaBlogUITests */,
			);
		};
/* End PBXProject section */

/* Begin PBXResourcesBuildPhase section */
		C2B400131C09CCED00EE0DEE /* Resources */ = {
			isa = PBXResourcesBuildPhase;
			buildActionMask = 2147483647;
			files = (
				C2B400251C09CCED00EE0DEE /* Assets.xcassets in Resources */,
				C2B400AE1C0AFDBB00EE0DEE /* YLTest1ViewController.xib in Resources */,
				C2B400B01C0AFDBB00EE0DEE /* YLTest2ViewController.xib in Resources */,
			);
			runOnlyForDeploymentPostprocessing = 0;
		};
		C2B4002C1C09CCED00EE0DEE /* Resources */ = {
			isa = PBXResourcesBuildPhase;
			buildActionMask = 2147483647;
			files = (
			);
			runOnlyForDeploymentPostprocessing = 0;
		};
		C2B400371C09CCED00EE0DEE /* Resources */ = {
			isa = PBXResourcesBuildPhase;
			buildActionMask = 2147483647;
			files = (
			);
			runOnlyForDeploymentPostprocessing = 0;
		};
/* End PBXResourcesBuildPhase section */

/* Begin PBXSourcesBuildPhase section */
		C2B400111C09CCED00EE0DEE /* Sources */ = {
			isa = PBXSourcesBuildPhase;
			buildActionMask = 2147483647;
			files = (
				C2B400AF1C0AFDBB00EE0DEE /* YLTest2ViewController.m in Sources */,
				C2B400A71C0AFDBB00EE0DEE /* YLDiscoverTableViewController.m in Sources */,
				C2B4006F1C0AD27900EE0DEE /* YLMind.c in Sources */,
				C2B400A61C0AFDBB00EE0DEE /* UIView+YLExtension.m in Sources */,
				C2B400AA1C0AFDBB00EE0DEE /* YLNavigationViewController.m in Sources */,
				C2CA69971C0C3D930099E6A2 /* YLSearchBar.m in Sources */,
				C2B400A91C0AFDBB00EE0DEE /* YLMainTabbarController.m in Sources */,
				C2B400AD1C0AFDBB00EE0DEE /* YLTest1ViewController.m in Sources */,
				C2B400A81C0AFDBB00EE0DEE /* YLHomeTableViewController.m in Sources */,
				C2B400B11C0AFDBB00EE0DEE /* YLMessageTableViewController.m in Sources */,
				C2B400AC1C0AFDBB00EE0DEE /* main.m in Sources */,
				C2EBFC611C0BDF5F002BF336 /* UIBarButtonItem+Extension.m in Sources */,
				C2B400B21C0AFDBB00EE0DEE /* YLProfileTableViewController.m in Sources */,
				C2B400AB1C0AFDBB00EE0DEE /* AppDelegate.m in Sources */,
				C24DCEE11C0FD21F00A5E7FD /* YLPullDownView.m in Sources */,
			);
			runOnlyForDeploymentPostprocessing = 0;
		};
		C2B4002A1C09CCED00EE0DEE /* Sources */ = {
			isa = PBXSourcesBuildPhase;
			buildActionMask = 2147483647;
			files = (
				C2B400331C09CCED00EE0DEE /* YLSinaBlogTests.m in Sources */,
			);
			runOnlyForDeploymentPostprocessing = 0;
		};
		C2B400351C09CCED00EE0DEE /* Sources */ = {
			isa = PBXSourcesBuildPhase;
			buildActionMask = 2147483647;
			files = (
				C2B4003E1C09CCED00EE0DEE /* YLSinaBlogUITests.m in Sources */,
			);
			runOnlyForDeploymentPostprocessing = 0;
		};
/* End PBXSourcesBuildPhase section */

/* Begin PBXTargetDependency section */
		C2B400301C09CCED00EE0DEE /* PBXTargetDependency */ = {
			isa = PBXTargetDependency;
			target = C2B400141C09CCED00EE0DEE /* YLSinaBlog */;
			targetProxy = C2B4002F1C09CCED00EE0DEE /* PBXContainerItemProxy */;
		};
		C2B4003B1C09CCED00EE0DEE /* PBXTargetDependency */ = {
			isa = PBXTargetDependency;
			target = C2B400141C09CCED00EE0DEE /* YLSinaBlog */;
			targetProxy = C2B4003A1C09CCED00EE0DEE /* PBXContainerItemProxy */;
		};
/* End PBXTargetDependency section */

/* Begin XCBuildConfiguration section */
		C2B400401C09CCED00EE0DEE /* Debug */ = {
			isa = XCBuildConfiguration;
			buildSettings = {
				ALWAYS_SEARCH_USER_PATHS = NO;
				CLANG_CXX_LANGUAGE_STANDARD = "gnu++0x";
				CLANG_CXX_LIBRARY = "libc++";
				CLANG_ENABLE_MODULES = YES;
				CLANG_ENABLE_OBJC_ARC = YES;
				CLANG_WARN_BOOL_CONVERSION = YES;
				CLANG_WARN_CONSTANT_CONVERSION = YES;
				CLANG_WARN_DIRECT_OBJC_ISA_USAGE = YES_ERROR;
				CLANG_WARN_EMPTY_BODY = YES;
				CLANG_WARN_ENUM_CONVERSION = YES;
				CLANG_WARN_INT_CONVERSION = YES;
				CLANG_WARN_OBJC_ROOT_CLASS = YES_ERROR;
				CLANG_WARN_UNREACHABLE_CODE = YES;
				CLANG_WARN__DUPLICATE_METHOD_MATCH = YES;
				"CODE_SIGN_IDENTITY[sdk=iphoneos*]" = "iPhone Developer";
				COPY_PHASE_STRIP = NO;
				DEBUG_INFORMATION_FORMAT = dwarf;
				ENABLE_STRICT_OBJC_MSGSEND = YES;
				ENABLE_TESTABILITY = YES;
				GCC_C_LANGUAGE_STANDARD = gnu99;
				GCC_DYNAMIC_NO_PIC = NO;
				GCC_NO_COMMON_BLOCKS = YES;
				GCC_OPTIMIZATION_LEVEL = 0;
				GCC_PREPROCESSOR_DEFINITIONS = (
					"DEBUG=1",
					"$(inherited)",
				);
				GCC_WARN_64_TO_32_BIT_CONVERSION = YES;
				GCC_WARN_ABOUT_RETURN_TYPE = YES_ERROR;
				GCC_WARN_UNDECLARED_SELECTOR = YES;
				GCC_WARN_UNINITIALIZED_AUTOS = YES_AGGRESSIVE;
				GCC_WARN_UNUSED_FUNCTION = YES;
				GCC_WARN_UNUSED_VARIABLE = YES;
				IPHONEOS_DEPLOYMENT_TARGET = 9.1;
				MTL_ENABLE_DEBUG_INFO = YES;
				ONLY_ACTIVE_ARCH = YES;
				SDKROOT = iphoneos;
			};
			name = Debug;
		};
		C2B400411C09CCED00EE0DEE /* Release */ = {
			isa = XCBuildConfiguration;
			buildSettings = {
				ALWAYS_SEARCH_USER_PATHS = NO;
				CLANG_CXX_LANGUAGE_STANDARD = "gnu++0x";
				CLANG_CXX_LIBRARY = "libc++";
				CLANG_ENABLE_MODULES = YES;
				CLANG_ENABLE_OBJC_ARC = YES;
				CLANG_WARN_BOOL_CONVERSION = YES;
				CLANG_WARN_CONSTANT_CONVERSION = YES;
				CLANG_WARN_DIRECT_OBJC_ISA_USAGE = YES_ERROR;
				CLANG_WARN_EMPTY_BODY = YES;
				CLANG_WARN_ENUM_CONVERSION = YES;
				CLANG_WARN_INT_CONVERSION = YES;
				CLANG_WARN_OBJC_ROOT_CLASS = YES_ERROR;
				CLANG_WARN_UNREACHABLE_CODE = YES;
				CLANG_WARN__DUPLICATE_METHOD_MATCH = YES;
				"CODE_SIGN_IDENTITY[sdk=iphoneos*]" = "iPhone Developer";
				COPY_PHASE_STRIP = NO;
				DEBUG_INFORMATION_FORMAT = "dwarf-with-dsym";
				ENABLE_NS_ASSERTIONS = NO;
				ENABLE_STRICT_OBJC_MSGSEND = YES;
				GCC_C_LANGUAGE_STANDARD = gnu99;
				GCC_NO_COMMON_BLOCKS = YES;
				GCC_WARN_64_TO_32_BIT_CONVERSION = YES;
				GCC_WARN_ABOUT_RETURN_TYPE = YES_ERROR;
				GCC_WARN_UNDECLARED_SELECTOR = YES;
				GCC_WARN_UNINITIALIZED_AUTOS = YES_AGGRESSIVE;
				GCC_WARN_UNUSED_FUNCTION = YES;
				GCC_WARN_UNUSED_VARIABLE = YES;
				IPHONEOS_DEPLOYMENT_TARGET = 9.1;
				MTL_ENABLE_DEBUG_INFO = NO;
				SDKROOT = iphoneos;
				VALIDATE_PRODUCT = YES;
			};
			name = Release;
		};
		C2B400431C09CCED00EE0DEE /* Debug */ = {
			isa = XCBuildConfiguration;
			buildSettings = {
				ASSETCATALOG_COMPILER_APPICON_NAME = AppIcon;
				ASSETCATALOG_COMPILER_LAUNCHIMAGE_NAME = "Brand Assets";
				GCC_PRECOMPILE_PREFIX_HEADER = YES;
				GCC_PREFIX_HEADER = "$(SRCROOT)/YLSinaBlog/YLPrefixHeader.pch";
				INFOPLIST_FILE = YLSinaBlog/Info.plist;
				IPHONEOS_DEPLOYMENT_TARGET = 7.0;
				LD_RUNPATH_SEARCH_PATHS = "$(inherited) @executable_path/Frameworks";
				PRODUCT_BUNDLE_IDENTIFIER = Dast1.YLSinaBlog;
				PRODUCT_NAME = "$(TARGET_NAME)";
			};
			name = Debug;
		};
		C2B400441C09CCED00EE0DEE /* Release */ = {
			isa = XCBuildConfiguration;
			buildSettings = {
				ASSETCATALOG_COMPILER_APPICON_NAME = AppIcon;
				ASSETCATALOG_COMPILER_LAUNCHIMAGE_NAME = "Brand Assets";
				GCC_PRECOMPILE_PREFIX_HEADER = YES;
				GCC_PREFIX_HEADER = "$(SRCROOT)/YLSinaBlog/YLPrefixHeader.pch";
				INFOPLIST_FILE = YLSinaBlog/Info.plist;
				IPHONEOS_DEPLOYMENT_TARGET = 7.0;
				LD_RUNPATH_SEARCH_PATHS = "$(inherited) @executable_path/Frameworks";
				PRODUCT_BUNDLE_IDENTIFIER = Dast1.YLSinaBlog;
				PRODUCT_NAME = "$(TARGET_NAME)";
			};
			name = Release;
		};
		C2B400461C09CCED00EE0DEE /* Debug */ = {
			isa = XCBuildConfiguration;
			buildSettings = {
				BUNDLE_LOADER = "$(TEST_HOST)";
				INFOPLIST_FILE = YLSinaBlogTests/Info.plist;
				LD_RUNPATH_SEARCH_PATHS = "$(inherited) @executable_path/Frameworks @loader_path/Frameworks";
				PRODUCT_BUNDLE_IDENTIFIER = Dast1.YLSinaBlogTests;
				PRODUCT_NAME = "$(TARGET_NAME)";
				TEST_HOST = "$(BUILT_PRODUCTS_DIR)/YLSinaBlog.app/YLSinaBlog";
			};
			name = Debug;
		};
		C2B400471C09CCED00EE0DEE /* Release */ = {
			isa = XCBuildConfiguration;
			buildSettings = {
				BUNDLE_LOADER = "$(TEST_HOST)";
				INFOPLIST_FILE = YLSinaBlogTests/Info.plist;
				LD_RUNPATH_SEARCH_PATHS = "$(inherited) @executable_path/Frameworks @loader_path/Frameworks";
				PRODUCT_BUNDLE_IDENTIFIER = Dast1.YLSinaBlogTests;
				PRODUCT_NAME = "$(TARGET_NAME)";
				TEST_HOST = "$(BUILT_PRODUCTS_DIR)/YLSinaBlog.app/YLSinaBlog";
			};
			name = Release;
		};
		C2B400491C09CCED00EE0DEE /* Debug */ = {
			isa = XCBuildConfiguration;
			buildSettings = {
				INFOPLIST_FILE = YLSinaBlogUITests/Info.plist;
				LD_RUNPATH_SEARCH_PATHS = "$(inherited) @executable_path/Frameworks @loader_path/Frameworks";
				PRODUCT_BUNDLE_IDENTIFIER = Dast1.YLSinaBlogUITests;
				PRODUCT_NAME = "$(TARGET_NAME)";
				TEST_TARGET_NAME = YLSinaBlog;
				USES_XCTRUNNER = YES;
			};
			name = Debug;
		};
		C2B4004A1C09CCED00EE0DEE /* Release */ = {
			isa = XCBuildConfiguration;
			buildSettings = {
				INFOPLIST_FILE = YLSinaBlogUITests/Info.plist;
				LD_RUNPATH_SEARCH_PATHS = "$(inherited) @executable_path/Frameworks @loader_path/Frameworks";
				PRODUCT_BUNDLE_IDENTIFIER = Dast1.YLSinaBlogUITests;
				PRODUCT_NAME = "$(TARGET_NAME)";
				TEST_TARGET_NAME = YLSinaBlog;
				USES_XCTRUNNER = YES;
			};
			name = Release;
		};
/* End XCBuildConfiguration section */

/* Begin XCConfigurationList section */
		C2B400101C09CCED00EE0DEE /* Build configuration list for PBXProject "YLSinaBlog" */ = {
			isa = XCConfigurationList;
			buildConfigurations = (
				C2B400401C09CCED00EE0DEE /* Debug */,
				C2B400411C09CCED00EE0DEE /* Release */,
			);
			defaultConfigurationIsVisible = 0;
			defaultConfigurationName = Release;
		};
		C2B400421C09CCED00EE0DEE /* Build configuration list for PBXNativeTarget "YLSinaBlog" */ = {
			isa = XCConfigurationList;
			buildConfigurations = (
				C2B400431C09CCED00EE0DEE /* Debug */,
				C2B400441C09CCED00EE0DEE /* Release */,
			);
			defaultConfigurationIsVisible = 0;
			defaultConfigurationName = Release;
		};
		C2B400451C09CCED00EE0DEE /* Build configuration list for PBXNativeTarget "YLSinaBlogTests" */ = {
			isa = XCConfigurationList;
			buildConfigurations = (
				C2B400461C09CCED00EE0DEE /* Debug */,
				C2B400471C09CCED00EE0DEE /* Release */,
			);
			defaultConfigurationIsVisible = 0;
			defaultConfigurationName = Release;
		};
		C2B400481C09CCED00EE0DEE /* Build configuration list for PBXNativeTarget "YLSinaBlogUITests" */ = {
			isa = XCConfigurationList;
			buildConfigurations = (
				C2B400491C09CCED00EE0DEE /* Debug */,
				C2B4004A1C09CCED00EE0DEE /* Release */,
			);
			defaultConfigurationIsVisible = 0;
			defaultConfigurationName = Release;
		};
/* End XCConfigurationList section */
	};
	rootObject = C2B4000D1C09CCED00EE0DEE /* Project object */;
}
